
Microsoft Visual Studio Solution File, Format Version 12.00
# Visual Studio Version 16
VisualStudioVersion = 16.0.30021.99
MinimumVisualStudioVersion = 10.0.40219.1
Project("{FAE04EC0-301F-11D3-BF4B-00C04F79EFBC}") = "JustScan", "JustScan.csproj", "{635C782F-C2E0-46D2-A58E-5C7739D4DE0E}"
EndProject
Global
	GlobalSection(SolutionConfigurationPlatforms) = preSolution
		Debug|Any CPU = Debug|Any CPU
		Release|Any CPU = Release|Any CPU
	EndGlobalSection
	GlobalSection(ProjectConfigurationPlatforms) = postSolution
		{635C782F-C2E0-46D2-A58E-5C7739D4DE0E}.Debug|Any CPU.ActiveCfg = Debug|Any CPU
		{635C782F-C2E0-46D2-A58E-5C7739D4DE0E}.Debug|Any CPU.Build.0 = Debug|Any CPU
		{635C782F-C2E0-46D2-A58E-5C7739D4DE0E}.Release|Any CPU.ActiveCfg = Release|Any CPU
		{635C782F-C2E0-46D2-A58E-5C7739D4DE0E}.Release|Any CPU.Build.0 = Release|Any CPU
	EndGlobalSection
	GlobalSection(SolutionProperties) = preSolution
		HideSolutionNode = FALSE
	EndGlobalSection
	GlobalSection(ExtensibilityGlobals) = postSolution
		SolutionGuid = {D8DF3374-2F35-4036-A70E-B0EFF328716D}
	EndGlobalSection
EndGlobal
